
Microsoft Visual Studio Solution File, Format Version 12.00
# Visual Studio Version 17
VisualStudioVersion = 17.7.34202.233
MinimumVisualStudioVersion = 10.0.40219.1
Project("{FAE04EC0-301F-11D3-BF4B-00C04F79EFBC}") = "CalculoQuadrado", "CalculoQuadrado\CalculoQuadrado.csproj", "{69BD30B3-1EE5-4AD3-AA3A-01AE2B30E16A}"
EndProject
Global
	GlobalSection(SolutionConfigurationPlatforms) = preSolution
		Debug|Any CPU = Debug|Any CPU
		Release|Any CPU = Release|Any CPU
	EndGlobalSection
	GlobalSection(ProjectConfigurationPlatforms) = postSolution
		{69BD30B3-1EE5-4AD3-AA3A-01AE2B30E16A}.Debug|Any CPU.ActiveCfg = Debug|Any CPU
		{69BD30B3-1EE5-4AD3-AA3A-01AE2B30E16A}.Debug|Any CPU.Build.0 = Debug|Any CPU
		{69BD30B3-1EE5-4AD3-AA3A-01AE2B30E16A}.Release|Any CPU.ActiveCfg = Release|Any CPU
		{69BD30B3-1EE5-4AD3-AA3A-01AE2B30E16A}.Release|Any CPU.Build.0 = Release|Any CPU
	EndGlobalSection
	GlobalSection(SolutionProperties) = preSolution
		HideSolutionNode = FALSE
	EndGlobalSection
	GlobalSection(ExtensibilityGlobals) = postSolution
		SolutionGuid = {6862E365-12C8-4965-8D82-4F700A73AEA6}
	EndGlobalSection
EndGlobal
